
Microsoft Visual Studio Solution File, Format Version 12.00
# Visual Studio Version 17
VisualStudioVersion = 17.11.35327.3
MinimumVisualStudioVersion = 10.0.40219.1
Project("{FAE04EC0-301F-11D3-BF4B-00C04F79EFBC}") = "DBDemo", "DBDemo\DBDemo.csproj", "{323DB049-0D0E-4E3D-A06F-3D06F743CA08}"
EndProject
Global
	GlobalSection(SolutionConfigurationPlatforms) = preSolution
		Debug|Any CPU = Debug|Any CPU
		Release|Any CPU = Release|Any CPU
	EndGlobalSection
	GlobalSection(ProjectConfigurationPlatforms) = postSolution
		{323DB049-0D0E-4E3D-A06F-3D06F743CA08}.Debug|Any CPU.ActiveCfg = Debug|Any CPU
		{323DB049-0D0E-4E3D-A06F-3D06F743CA08}.Debug|Any CPU.Build.0 = Debug|Any CPU
		{323DB049-0D0E-4E3D-A06F-3D06F743CA08}.Release|Any CPU.ActiveCfg = Release|Any CPU
		{323DB049-0D0E-4E3D-A06F-3D06F743CA08}.Release|Any CPU.Build.0 = Release|Any CPU
	EndGlobalSection
	GlobalSection(SolutionProperties) = preSolution
		HideSolutionNode = FALSE
	EndGlobalSection
	GlobalSection(ExtensibilityGlobals) = postSolution
		SolutionGuid = {39A10B0F-1F1A-40A5-896B-ECA67C444622}
	EndGlobalSection
EndGlobal
